// !$*UTF8*$!
{
	archiveVersion = 1;
	classes = {
	};
	objectVersion = 56;
	objects = {

/* Begin PBXBuildFile section */
		160BC7722CA5BD8300FCE873 /* AppDelegate.swift in Sources */ = {isa = PBXBuildFile; fileRef = 160BC7712CA5BD8300FCE873 /* AppDelegate.swift */; };
		160BC7742CA5BD8300FCE873 /* SceneDelegate.swift in Sources */ = {isa = PBXBuildFile; fileRef = 160BC7732CA5BD8300FCE873 /* SceneDelegate.swift */; };
		160BC7762CA5BD8300FCE873 /* ChooseRouteViewController.swift in Sources */ = {isa = PBXBuildFile; fileRef = 160BC7752CA5BD8300FCE873 /* ChooseRouteViewController.swift */; };
		160BC77B2CA5BD8400FCE873 /* Assets.xcassets in Resources */ = {isa = PBXBuildFile; fileRef = 160BC77A2CA5BD8400FCE873 /* Assets.xcassets */; };
		160BC77E2CA5BD8400FCE873 /* Base in Resources */ = {isa = PBXBuildFile; fileRef = 160BC77D2CA5BD8400FCE873 /* Base */; };
		160BC7882CA5C23B00FCE873 /* ChooseRoutePresenter.swift in Sources */ = {isa = PBXBuildFile; fileRef = 160BC7872CA5C23B00FCE873 /* ChooseRoutePresenter.swift */; };
		160BC78D2CA5C31300FCE873 /* ChooseRouteViewControllerProtocol.swift in Sources */ = {isa = PBXBuildFile; fileRef = 160BC78C2CA5C31300FCE873 /* ChooseRouteViewControllerProtocol.swift */; };
		160BC78F2CA5C37B00FCE873 /* ChooseRoutePresenterProtocol.swift in Sources */ = {isa = PBXBuildFile; fileRef = 160BC78E2CA5C37B00FCE873 /* ChooseRoutePresenterProtocol.swift */; };
		160BC7922CA5CA8300FCE873 /* Localizable.strings in Resources */ = {isa = PBXBuildFile; fileRef = 160BC7902CA5CA8300FCE873 /* Localizable.strings */; };
		160BC7952CA5CD3100FCE873 /* ChoosePlaceView.swift in Sources */ = {isa = PBXBuildFile; fileRef = 160BC7942CA5CD3100FCE873 /* ChoosePlaceView.swift */; };
		160BC7972CA5E4F600FCE873 /* CityButton.swift in Sources */ = {isa = PBXBuildFile; fileRef = 160BC7962CA5E4F600FCE873 /* CityButton.swift */; };
		160BC7992CA5E66C00FCE873 /* Colors.swift in Sources */ = {isa = PBXBuildFile; fileRef = 160BC7982CA5E66C00FCE873 /* Colors.swift */; };
		160BC79B2CA5EBEE00FCE873 /* SegmentDayControl.swift in Sources */ = {isa = PBXBuildFile; fileRef = 160BC79A2CA5EBEE00FCE873 /* SegmentDayControl.swift */; };
		160BC7C22CA70FF200FCE873 /* TransportSelectionPanel.swift in Sources */ = {isa = PBXBuildFile; fileRef = 160BC7C12CA70FF200FCE873 /* TransportSelectionPanel.swift */; };
		160BC7C42CA7104300FCE873 /* SelectButton.swift in Sources */ = {isa = PBXBuildFile; fileRef = 160BC7C32CA7104300FCE873 /* SelectButton.swift */; };
		160BC7C62CA75AAC00FCE873 /* SearchViewController.swift in Sources */ = {isa = PBXBuildFile; fileRef = 160BC7C52CA75AAC00FCE873 /* SearchViewController.swift */; };
		160BC7CA2CA760B200FCE873 /* SearchViewControllerProtocol.swift in Sources */ = {isa = PBXBuildFile; fileRef = 160BC7C92CA760B200FCE873 /* SearchViewControllerProtocol.swift */; };
		160BC7CC2CA7610C00FCE873 /* SearchPresenterProtocol.swift in Sources */ = {isa = PBXBuildFile; fileRef = 160BC7CB2CA7610C00FCE873 /* SearchPresenterProtocol.swift */; };
		160BC7CE2CA7618000FCE873 /* SearchPresenter.swift in Sources */ = {isa = PBXBuildFile; fileRef = 160BC7CD2CA7618000FCE873 /* SearchPresenter.swift */; };
		160BC7D02CA766B100FCE873 /* ChoosePlaceViewDelegate.swift in Sources */ = {isa = PBXBuildFile; fileRef = 160BC7CF2CA766B100FCE873 /* ChoosePlaceViewDelegate.swift */; };
		160BC7D32CA7682D00FCE873 /* SearchType.swift in Sources */ = {isa = PBXBuildFile; fileRef = 160BC7D22CA7682D00FCE873 /* SearchType.swift */; };
		160BC7D52CA82AF900FCE873 /* Station.swift in Sources */ = {isa = PBXBuildFile; fileRef = 160BC7D42CA82AF900FCE873 /* Station.swift */; };
		160BC7D82CA832EC00FCE873 /* SubtitleTableViewCell.swift in Sources */ = {isa = PBXBuildFile; fileRef = 160BC7D72CA832EC00FCE873 /* SubtitleTableViewCell.swift */; };
		160BC7DB2CA8358200FCE873 /* ResultsViewController.swift in Sources */ = {isa = PBXBuildFile; fileRef = 160BC7DA2CA8358200FCE873 /* ResultsViewController.swift */; };
		160BC7DD2CA835A100FCE873 /* ResultsPresenter.swift in Sources */ = {isa = PBXBuildFile; fileRef = 160BC7DC2CA835A100FCE873 /* ResultsPresenter.swift */; };
		160BC7E02CA835D500FCE873 /* ResultsPresenterProtocol.swift in Sources */ = {isa = PBXBuildFile; fileRef = 160BC7DF2CA835D500FCE873 /* ResultsPresenterProtocol.swift */; };
		160BC7E22CA835EE00FCE873 /* ResultsViewControllerProtocol.swift in Sources */ = {isa = PBXBuildFile; fileRef = 160BC7E12CA835EE00FCE873 /* ResultsViewControllerProtocol.swift */; };
		160BC7E52CA83F0900FCE873 /* RouteCell.swift in Sources */ = {isa = PBXBuildFile; fileRef = 160BC7E42CA83F0900FCE873 /* RouteCell.swift */; };
		160BC7E82CA846CE00FCE873 /* Route.swift in Sources */ = {isa = PBXBuildFile; fileRef = 160BC7E72CA846CE00FCE873 /* Route.swift */; };
		160BC7EA2CA8490200FCE873 /* TransportType.swift in Sources */ = {isa = PBXBuildFile; fileRef = 160BC7E92CA8490200FCE873 /* TransportType.swift */; };
/* End PBXBuildFile section */

/* Begin PBXFileReference section */
		160BC76E2CA5BD8300FCE873 /* TransportSchedules_Swift.app */ = {isa = PBXFileReference; explicitFileType = wrapper.application; includeInIndex = 0; path = TransportSchedules_Swift.app; sourceTree = BUILT_PRODUCTS_DIR; };
		160BC7712CA5BD8300FCE873 /* AppDelegate.swift */ = {isa = PBXFileReference; lastKnownFileType = sourcecode.swift; path = AppDelegate.swift; sourceTree = "<group>"; };
		160BC7732CA5BD8300FCE873 /* SceneDelegate.swift */ = {isa = PBXFileReference; lastKnownFileType = sourcecode.swift; path = SceneDelegate.swift; sourceTree = "<group>"; };
		160BC7752CA5BD8300FCE873 /* ChooseRouteViewController.swift */ = {isa = PBXFileReference; lastKnownFileType = sourcecode.swift; path = ChooseRouteViewController.swift; sourceTree = "<group>"; };
		160BC77A2CA5BD8400FCE873 /* Assets.xcassets */ = {isa = PBXFileReference; lastKnownFileType = folder.assetcatalog; path = Assets.xcassets; sourceTree = "<group>"; };
		160BC77D2CA5BD8400FCE873 /* Base */ = {isa = PBXFileReference; lastKnownFileType = file.storyboard; name = Base; path = Base.lproj/LaunchScreen.storyboard; sourceTree = "<group>"; };
		160BC77F2CA5BD8400FCE873 /* Info.plist */ = {isa = PBXFileReference; lastKnownFileType = text.plist.xml; path = Info.plist; sourceTree = "<group>"; };
		160BC7872CA5C23B00FCE873 /* ChooseRoutePresenter.swift */ = {isa = PBXFileReference; lastKnownFileType = sourcecode.swift; path = ChooseRoutePresenter.swift; sourceTree = "<group>"; };
		160BC78C2CA5C31300FCE873 /* ChooseRouteViewControllerProtocol.swift */ = {isa = PBXFileReference; lastKnownFileType = sourcecode.swift; path = ChooseRouteViewControllerProtocol.swift; sourceTree = "<group>"; };
		160BC78E2CA5C37B00FCE873 /* ChooseRoutePresenterProtocol.swift */ = {isa = PBXFileReference; lastKnownFileType = sourcecode.swift; path = ChooseRoutePresenterProtocol.swift; sourceTree = "<group>"; };
		160BC7912CA5CA8300FCE873 /* en */ = {isa = PBXFileReference; lastKnownFileType = text.plist.strings; name = en; path = en.lproj/Localizable.strings; sourceTree = "<group>"; };
		160BC7942CA5CD3100FCE873 /* ChoosePlaceView.swift */ = {isa = PBXFileReference; lastKnownFileType = sourcecode.swift; path = ChoosePlaceView.swift; sourceTree = "<group>"; };
		160BC7962CA5E4F600FCE873 /* CityButton.swift */ = {isa = PBXFileReference; lastKnownFileType = sourcecode.swift; path = CityButton.swift; sourceTree = "<group>"; };
		160BC7982CA5E66C00FCE873 /* Colors.swift */ = {isa = PBXFileReference; lastKnownFileType = sourcecode.swift; path = Colors.swift; sourceTree = "<group>"; };
		160BC79A2CA5EBEE00FCE873 /* SegmentDayControl.swift */ = {isa = PBXFileReference; lastKnownFileType = sourcecode.swift; path = SegmentDayControl.swift; sourceTree = "<group>"; };
		160BC7C12CA70FF200FCE873 /* TransportSelectionPanel.swift */ = {isa = PBXFileReference; lastKnownFileType = sourcecode.swift; path = TransportSelectionPanel.swift; sourceTree = "<group>"; };
		160BC7C32CA7104300FCE873 /* SelectButton.swift */ = {isa = PBXFileReference; lastKnownFileType = sourcecode.swift; path = SelectButton.swift; sourceTree = "<group>"; };
		160BC7C52CA75AAC00FCE873 /* SearchViewController.swift */ = {isa = PBXFileReference; lastKnownFileType = sourcecode.swift; path = SearchViewController.swift; sourceTree = "<group>"; };
		160BC7C92CA760B200FCE873 /* SearchViewControllerProtocol.swift */ = {isa = PBXFileReference; lastKnownFileType = sourcecode.swift; path = SearchViewControllerProtocol.swift; sourceTree = "<group>"; };
		160BC7CB2CA7610C00FCE873 /* SearchPresenterProtocol.swift */ = {isa = PBXFileReference; lastKnownFileType = sourcecode.swift; path = SearchPresenterProtocol.swift; sourceTree = "<group>"; };
		160BC7CD2CA7618000FCE873 /* SearchPresenter.swift */ = {isa = PBXFileReference; lastKnownFileType = sourcecode.swift; path = SearchPresenter.swift; sourceTree = "<group>"; };
		160BC7CF2CA766B100FCE873 /* ChoosePlaceViewDelegate.swift */ = {isa = PBXFileReference; lastKnownFileType = sourcecode.swift; path = ChoosePlaceViewDelegate.swift; sourceTree = "<group>"; };
		160BC7D22CA7682D00FCE873 /* SearchType.swift */ = {isa = PBXFileReference; lastKnownFileType = sourcecode.swift; path = SearchType.swift; sourceTree = "<group>"; };
		160BC7D42CA82AF900FCE873 /* Station.swift */ = {isa = PBXFileReference; lastKnownFileType = sourcecode.swift; path = Station.swift; sourceTree = "<group>"; };
		160BC7D72CA832EC00FCE873 /* SubtitleTableViewCell.swift */ = {isa = PBXFileReference; lastKnownFileType = sourcecode.swift; path = SubtitleTableViewCell.swift; sourceTree = "<group>"; };
		160BC7DA2CA8358200FCE873 /* ResultsViewController.swift */ = {isa = PBXFileReference; lastKnownFileType = sourcecode.swift; path = ResultsViewController.swift; sourceTree = "<group>"; };
		160BC7DC2CA835A100FCE873 /* ResultsPresenter.swift */ = {isa = PBXFileReference; lastKnownFileType = sourcecode.swift; path = ResultsPresenter.swift; sourceTree = "<group>"; };
		160BC7DF2CA835D500FCE873 /* ResultsPresenterProtocol.swift */ = {isa = PBXFileReference; lastKnownFileType = sourcecode.swift; path = ResultsPresenterProtocol.swift; sourceTree = "<group>"; };
		160BC7E12CA835EE00FCE873 /* ResultsViewControllerProtocol.swift */ = {isa = PBXFileReference; lastKnownFileType = sourcecode.swift; path = ResultsViewControllerProtocol.swift; sourceTree = "<group>"; };
		160BC7E42CA83F0900FCE873 /* RouteCell.swift */ = {isa = PBXFileReference; lastKnownFileType = sourcecode.swift; path = RouteCell.swift; sourceTree = "<group>"; };
		160BC7E72CA846CE00FCE873 /* Route.swift */ = {isa = PBXFileReference; lastKnownFileType = sourcecode.swift; path = Route.swift; sourceTree = "<group>"; };
		160BC7E92CA8490200FCE873 /* TransportType.swift */ = {isa = PBXFileReference; lastKnownFileType = sourcecode.swift; path = TransportType.swift; sourceTree = "<group>"; };
/* End PBXFileReference section */

/* Begin PBXFrameworksBuildPhase section */
		160BC76B2CA5BD8300FCE873 /* Frameworks */ = {
			isa = PBXFrameworksBuildPhase;
			buildActionMask = 2147483647;
			files = (
			);
			runOnlyForDeploymentPostprocessing = 0;
		};
/* End PBXFrameworksBuildPhase section */

/* Begin PBXGroup section */
		160BC7652CA5BD8300FCE873 = {
			isa = PBXGroup;
			children = (
				160BC7702CA5BD8300FCE873 /* TransportSchedules_Swift */,
				160BC76F2CA5BD8300FCE873 /* Products */,
			);
			sourceTree = "<group>";
		};
		160BC76F2CA5BD8300FCE873 /* Products */ = {
			isa = PBXGroup;
			children = (
				160BC76E2CA5BD8300FCE873 /* TransportSchedules_Swift.app */,
			);
			name = Products;
			sourceTree = "<group>";
		};
		160BC7702CA5BD8300FCE873 /* TransportSchedules_Swift */ = {
			isa = PBXGroup;
			children = (
				160BC7892CA5C2D100FCE873 /* Scenes */,
				160BC7862CA5C11C00FCE873 /* App */,
				160BC7852CA5C0A900FCE873 /* Resources */,
			);
			path = TransportSchedules_Swift;
			sourceTree = "<group>";
		};
		160BC7852CA5C0A900FCE873 /* Resources */ = {
			isa = PBXGroup;
			children = (
				160BC77A2CA5BD8400FCE873 /* Assets.xcassets */,
				160BC77C2CA5BD8400FCE873 /* LaunchScreen.storyboard */,
				160BC77F2CA5BD8400FCE873 /* Info.plist */,
				160BC7902CA5CA8300FCE873 /* Localizable.strings */,
				160BC7982CA5E66C00FCE873 /* Colors.swift */,
			);
			path = Resources;
			sourceTree = "<group>";
		};
		160BC7862CA5C11C00FCE873 /* App */ = {
			isa = PBXGroup;
			children = (
				160BC7712CA5BD8300FCE873 /* AppDelegate.swift */,
				160BC7732CA5BD8300FCE873 /* SceneDelegate.swift */,
			);
			path = App;
			sourceTree = "<group>";
		};
		160BC7892CA5C2D100FCE873 /* Scenes */ = {
			isa = PBXGroup;
			children = (
				160BC78A2CA5C2D900FCE873 /* ChooseRoute */,
				160BC7C72CA75AE900FCE873 /* Search */,
				160BC7D92CA8356700FCE873 /* Results */,
			);
			path = Scenes;
			sourceTree = "<group>";
		};
		160BC78A2CA5C2D900FCE873 /* ChooseRoute */ = {
			isa = PBXGroup;
			children = (
				160BC7932CA5CD0500FCE873 /* Views */,
				160BC78B2CA5C2FC00FCE873 /* Protocols */,
				160BC7752CA5BD8300FCE873 /* ChooseRouteViewController.swift */,
				160BC7872CA5C23B00FCE873 /* ChooseRoutePresenter.swift */,
			);
			path = ChooseRoute;
			sourceTree = "<group>";
		};
		160BC78B2CA5C2FC00FCE873 /* Protocols */ = {
			isa = PBXGroup;
			children = (
				160BC78C2CA5C31300FCE873 /* ChooseRouteViewControllerProtocol.swift */,
				160BC78E2CA5C37B00FCE873 /* ChooseRoutePresenterProtocol.swift */,
				160BC7CF2CA766B100FCE873 /* ChoosePlaceViewDelegate.swift */,
			);
			path = Protocols;
			sourceTree = "<group>";
		};
		160BC7932CA5CD0500FCE873 /* Views */ = {
			isa = PBXGroup;
			children = (
				160BC7942CA5CD3100FCE873 /* ChoosePlaceView.swift */,
				160BC7962CA5E4F600FCE873 /* CityButton.swift */,
				160BC79A2CA5EBEE00FCE873 /* SegmentDayControl.swift */,
				160BC7C12CA70FF200FCE873 /* TransportSelectionPanel.swift */,
				160BC7C32CA7104300FCE873 /* SelectButton.swift */,
			);
			path = Views;
			sourceTree = "<group>";
		};
		160BC7C72CA75AE900FCE873 /* Search */ = {
			isa = PBXGroup;
			children = (
				160BC7D62CA832E100FCE873 /* Views */,
				160BC7D12CA7681E00FCE873 /* Models */,
				160BC7C82CA7603600FCE873 /* Protocols */,
				160BC7C52CA75AAC00FCE873 /* SearchViewController.swift */,
				160BC7CD2CA7618000FCE873 /* SearchPresenter.swift */,
			);
			path = Search;
			sourceTree = "<group>";
		};
		160BC7C82CA7603600FCE873 /* Protocols */ = {
			isa = PBXGroup;
			children = (
				160BC7C92CA760B200FCE873 /* SearchViewControllerProtocol.swift */,
				160BC7CB2CA7610C00FCE873 /* SearchPresenterProtocol.swift */,
			);
			path = Protocols;
			sourceTree = "<group>";
		};
		160BC7D12CA7681E00FCE873 /* Models */ = {
			isa = PBXGroup;
			children = (
				160BC7D22CA7682D00FCE873 /* SearchType.swift */,
				160BC7D42CA82AF900FCE873 /* Station.swift */,
			);
			path = Models;
			sourceTree = "<group>";
		};
		160BC7D62CA832E100FCE873 /* Views */ = {
			isa = PBXGroup;
			children = (
				160BC7D72CA832EC00FCE873 /* SubtitleTableViewCell.swift */,
			);
			path = Views;
			sourceTree = "<group>";
		};
		160BC7D92CA8356700FCE873 /* Results */ = {
			isa = PBXGroup;
			children = (
				160BC7E62CA846BB00FCE873 /* Models */,
				160BC7E32CA83EF400FCE873 /* Views */,
				160BC7DE2CA835B700FCE873 /* Protocols */,
				160BC7DA2CA8358200FCE873 /* ResultsViewController.swift */,
				160BC7DC2CA835A100FCE873 /* ResultsPresenter.swift */,
			);
			path = Results;
			sourceTree = "<group>";
		};
		160BC7DE2CA835B700FCE873 /* Protocols */ = {
			isa = PBXGroup;
			children = (
				160BC7DF2CA835D500FCE873 /* ResultsPresenterProtocol.swift */,
				160BC7E12CA835EE00FCE873 /* ResultsViewControllerProtocol.swift */,
			);
			path = Protocols;
			sourceTree = "<group>";
		};
		160BC7E32CA83EF400FCE873 /* Views */ = {
			isa = PBXGroup;
			children = (
				160BC7E42CA83F0900FCE873 /* RouteCell.swift */,
			);
			path = Views;
			sourceTree = "<group>";
		};
		160BC7E62CA846BB00FCE873 /* Models */ = {
			isa = PBXGroup;
			children = (
				160BC7E72CA846CE00FCE873 /* Route.swift */,
				160BC7E92CA8490200FCE873 /* TransportType.swift */,
			);
			path = Models;
			sourceTree = "<group>";
		};
/* End PBXGroup section */

/* Begin PBXNativeTarget section */
		160BC76D2CA5BD8300FCE873 /* TransportSchedules_Swift */ = {
			isa = PBXNativeTarget;
			buildConfigurationList = 160BC7822CA5BD8500FCE873 /* Build configuration list for PBXNativeTarget "TransportSchedules_Swift" */;
			buildPhases = (
				160BC76A2CA5BD8300FCE873 /* Sources */,
				160BC76B2CA5BD8300FCE873 /* Frameworks */,
				160BC76C2CA5BD8300FCE873 /* Resources */,
			);
			buildRules = (
			);
			dependencies = (
			);
			name = TransportSchedules_Swift;
			productName = TransportSchedules_Swift;
			productReference = 160BC76E2CA5BD8300FCE873 /* TransportSchedules_Swift.app */;
			productType = "com.apple.product-type.application";
		};
/* End PBXNativeTarget section */

/* Begin PBXProject section */
		160BC7662CA5BD8300FCE873 /* Project object */ = {
			isa = PBXProject;
			attributes = {
				BuildIndependentTargetsInParallel = 1;
				LastSwiftUpdateCheck = 1540;
				LastUpgradeCheck = 1540;
				TargetAttributes = {
					160BC76D2CA5BD8300FCE873 = {
						CreatedOnToolsVersion = 15.4;
					};
				};
			};
			buildConfigurationList = 160BC7692CA5BD8300FCE873 /* Build configuration list for PBXProject "TransportSchedules_Swift" */;
			compatibilityVersion = "Xcode 14.0";
			developmentRegion = en;
			hasScannedForEncodings = 0;
			knownRegions = (
				en,
				Base,
			);
			mainGroup = 160BC7652CA5BD8300FCE873;
			productRefGroup = 160BC76F2CA5BD8300FCE873 /* Products */;
			projectDirPath = "";
			projectRoot = "";
			targets = (
				160BC76D2CA5BD8300FCE873 /* TransportSchedules_Swift */,
			);
		};
/* End PBXProject section */

/* Begin PBXResourcesBuildPhase section */
		160BC76C2CA5BD8300FCE873 /* Resources */ = {
			isa = PBXResourcesBuildPhase;
			buildActionMask = 2147483647;
			files = (
				160BC77B2CA5BD8400FCE873 /* Assets.xcassets in Resources */,
				160BC7922CA5CA8300FCE873 /* Localizable.strings in Resources */,
				160BC77E2CA5BD8400FCE873 /* Base in Resources */,
			);
			runOnlyForDeploymentPostprocessing = 0;
		};
/* End PBXResourcesBuildPhase section */

/* Begin PBXSourcesBuildPhase section */
		160BC76A2CA5BD8300FCE873 /* Sources */ = {
			isa = PBXSourcesBuildPhase;
			buildActionMask = 2147483647;
			files = (
				160BC79B2CA5EBEE00FCE873 /* SegmentDayControl.swift in Sources */,
				160BC7972CA5E4F600FCE873 /* CityButton.swift in Sources */,
				160BC7992CA5E66C00FCE873 /* Colors.swift in Sources */,
				160BC7C22CA70FF200FCE873 /* TransportSelectionPanel.swift in Sources */,
				160BC7E52CA83F0900FCE873 /* RouteCell.swift in Sources */,
				160BC7CA2CA760B200FCE873 /* SearchViewControllerProtocol.swift in Sources */,
				160BC7D32CA7682D00FCE873 /* SearchType.swift in Sources */,
				160BC7CC2CA7610C00FCE873 /* SearchPresenterProtocol.swift in Sources */,
				160BC7DD2CA835A100FCE873 /* ResultsPresenter.swift in Sources */,
				160BC7EA2CA8490200FCE873 /* TransportType.swift in Sources */,
				160BC78D2CA5C31300FCE873 /* ChooseRouteViewControllerProtocol.swift in Sources */,
				160BC7762CA5BD8300FCE873 /* ChooseRouteViewController.swift in Sources */,
				160BC7D02CA766B100FCE873 /* ChoosePlaceViewDelegate.swift in Sources */,
				160BC7D52CA82AF900FCE873 /* Station.swift in Sources */,
				160BC78F2CA5C37B00FCE873 /* ChooseRoutePresenterProtocol.swift in Sources */,
				160BC7722CA5BD8300FCE873 /* AppDelegate.swift in Sources */,
				160BC7C62CA75AAC00FCE873 /* SearchViewController.swift in Sources */,
				160BC7882CA5C23B00FCE873 /* ChooseRoutePresenter.swift in Sources */,
				160BC7E82CA846CE00FCE873 /* Route.swift in Sources */,
				160BC7C42CA7104300FCE873 /* SelectButton.swift in Sources */,
				160BC7E22CA835EE00FCE873 /* ResultsViewControllerProtocol.swift in Sources */,
				160BC7742CA5BD8300FCE873 /* SceneDelegate.swift in Sources */,
				160BC7DB2CA8358200FCE873 /* ResultsViewController.swift in Sources */,
				160BC7D82CA832EC00FCE873 /* SubtitleTableViewCell.swift in Sources */,
				160BC7CE2CA7618000FCE873 /* SearchPresenter.swift in Sources */,
				160BC7952CA5CD3100FCE873 /* ChoosePlaceView.swift in Sources */,
				160BC7E02CA835D500FCE873 /* ResultsPresenterProtocol.swift in Sources */,
			);
			runOnlyForDeploymentPostprocessing = 0;
		};
/* End PBXSourcesBuildPhase section */

/* Begin PBXVariantGroup section */
		160BC77C2CA5BD8400FCE873 /* LaunchScreen.storyboard */ = {
			isa = PBXVariantGroup;
			children = (
				160BC77D2CA5BD8400FCE873 /* Base */,
			);
			name = LaunchScreen.storyboard;
			sourceTree = "<group>";
		};
		160BC7902CA5CA8300FCE873 /* Localizable.strings */ = {
			isa = PBXVariantGroup;
			children = (
				160BC7912CA5CA8300FCE873 /* en */,
			);
			name = Localizable.strings;
			sourceTree = "<group>";
		};
/* End PBXVariantGroup section */

/* Begin XCBuildConfiguration section */
		160BC7802CA5BD8400FCE873 /* Debug */ = {
			isa = XCBuildConfiguration;
			buildSettings = {
				ALWAYS_SEARCH_USER_PATHS = NO;
				ASSETCATALOG_COMPILER_GENERATE_SWIFT_ASSET_SYMBOL_EXTENSIONS = YES;
				CLANG_ANALYZER_NONNULL = YES;
				CLANG_ANALYZER_NUMBER_OBJECT_CONVERSION = YES_AGGRESSIVE;
				CLANG_CXX_LANGUAGE_STANDARD = "gnu++20";
				CLANG_ENABLE_MODULES = YES;
				CLANG_ENABLE_OBJC_ARC = YES;
				CLANG_ENABLE_OBJC_WEAK = YES;
				CLANG_WARN_BLOCK_CAPTURE_AUTORELEASING = YES;
				CLANG_WARN_BOOL_CONVERSION = YES;
				CLANG_WARN_COMMA = YES;
				CLANG_WARN_CONSTANT_CONVERSION = YES;
				CLANG_WARN_DEPRECATED_OBJC_IMPLEMENTATIONS = YES;
				CLANG_WARN_DIRECT_OBJC_ISA_USAGE = YES_ERROR;
				CLANG_WARN_DOCUMENTATION_COMMENTS = YES;
				CLANG_WARN_EMPTY_BODY = YES;
				CLANG_WARN_ENUM_CONVERSION = YES;
				CLANG_WARN_INFINITE_RECURSION = YES;
				CLANG_WARN_INT_CONVERSION = YES;
				CLANG_WARN_NON_LITERAL_NULL_CONVERSION = YES;
				CLANG_WARN_OBJC_IMPLICIT_RETAIN_SELF = YES;
				CLANG_WARN_OBJC_LITERAL_CONVERSION = YES;
				CLANG_WARN_OBJC_ROOT_CLASS = YES_ERROR;
				CLANG_WARN_QUOTED_INCLUDE_IN_FRAMEWORK_HEADER = YES;
				CLANG_WARN_RANGE_LOOP_ANALYSIS = YES;
				CLANG_WARN_STRICT_PROTOTYPES = YES;
				CLANG_WARN_SUSPICIOUS_MOVE = YES;
				CLANG_WARN_UNGUARDED_AVAILABILITY = YES_AGGRESSIVE;
				CLANG_WARN_UNREACHABLE_CODE = YES;
				CLANG_WARN__DUPLICATE_METHOD_MATCH = YES;
				COPY_PHASE_STRIP = NO;
				DEBUG_INFORMATION_FORMAT = dwarf;
				ENABLE_STRICT_OBJC_MSGSEND = YES;
				ENABLE_TESTABILITY = YES;
				ENABLE_USER_SCRIPT_SANDBOXING = YES;
				GCC_C_LANGUAGE_STANDARD = gnu17;
				GCC_DYNAMIC_NO_PIC = NO;
				GCC_NO_COMMON_BLOCKS = YES;
				GCC_OPTIMIZATION_LEVEL = 0;
				GCC_PREPROCESSOR_DEFINITIONS = (
					"DEBUG=1",
					"$(inherited)",
				);
				GCC_WARN_64_TO_32_BIT_CONVERSION = YES;
				GCC_WARN_ABOUT_RETURN_TYPE = YES_ERROR;
				GCC_WARN_UNDECLARED_SELECTOR = YES;
				GCC_WARN_UNINITIALIZED_AUTOS = YES_AGGRESSIVE;
				GCC_WARN_UNUSED_FUNCTION = YES;
				GCC_WARN_UNUSED_VARIABLE = YES;
				IPHONEOS_DEPLOYMENT_TARGET = 17.5;
				LOCALIZATION_PREFERS_STRING_CATALOGS = YES;
				MTL_ENABLE_DEBUG_INFO = INCLUDE_SOURCE;
				MTL_FAST_MATH = YES;
				ONLY_ACTIVE_ARCH = YES;
				SDKROOT = iphoneos;
				SWIFT_ACTIVE_COMPILATION_CONDITIONS = "DEBUG $(inherited)";
				SWIFT_OPTIMIZATION_LEVEL = "-Onone";
			};
			name = Debug;
		};
		160BC7812CA5BD8400FCE873 /* Release */ = {
			isa = XCBuildConfiguration;
			buildSettings = {
				ALWAYS_SEARCH_USER_PATHS = NO;
				ASSETCATALOG_COMPILER_GENERATE_SWIFT_ASSET_SYMBOL_EXTENSIONS = YES;
				CLANG_ANALYZER_NONNULL = YES;
				CLANG_ANALYZER_NUMBER_OBJECT_CONVERSION = YES_AGGRESSIVE;
				CLANG_CXX_LANGUAGE_STANDARD = "gnu++20";
				CLANG_ENABLE_MODULES = YES;
				CLANG_ENABLE_OBJC_ARC = YES;
				CLANG_ENABLE_OBJC_WEAK = YES;
				CLANG_WARN_BLOCK_CAPTURE_AUTORELEASING = YES;
				CLANG_WARN_BOOL_CONVERSION = YES;
				CLANG_WARN_COMMA = YES;
				CLANG_WARN_CONSTANT_CONVERSION = YES;
				CLANG_WARN_DEPRECATED_OBJC_IMPLEMENTATIONS = YES;
				CLANG_WARN_DIRECT_OBJC_ISA_USAGE = YES_ERROR;
				CLANG_WARN_DOCUMENTATION_COMMENTS = YES;
				CLANG_WARN_EMPTY_BODY = YES;
				CLANG_WARN_ENUM_CONVERSION = YES;
				CLANG_WARN_INFINITE_RECURSION = YES;
				CLANG_WARN_INT_CONVERSION = YES;
				CLANG_WARN_NON_LITERAL_NULL_CONVERSION = YES;
				CLANG_WARN_OBJC_IMPLICIT_RETAIN_SELF = YES;
				CLANG_WARN_OBJC_LITERAL_CONVERSION = YES;
				CLANG_WARN_OBJC_ROOT_CLASS = YES_ERROR;
				CLANG_WARN_QUOTED_INCLUDE_IN_FRAMEWORK_HEADER = YES;
				CLANG_WARN_RANGE_LOOP_ANALYSIS = YES;
				CLANG_WARN_STRICT_PROTOTYPES = YES;
				CLANG_WARN_SUSPICIOUS_MOVE = YES;
				CLANG_WARN_UNGUARDED_AVAILABILITY = YES_AGGRESSIVE;
				CLANG_WARN_UNREACHABLE_CODE = YES;
				CLANG_WARN__DUPLICATE_METHOD_MATCH = YES;
				COPY_PHASE_STRIP = NO;
				DEBUG_INFORMATION_FORMAT = "dwarf-with-dsym";
				ENABLE_NS_ASSERTIONS = NO;
				ENABLE_STRICT_OBJC_MSGSEND = YES;
				ENABLE_USER_SCRIPT_SANDBOXING = YES;
				GCC_C_LANGUAGE_STANDARD = gnu17;
				GCC_NO_COMMON_BLOCKS = YES;
				GCC_WARN_64_TO_32_BIT_CONVERSION = YES;
				GCC_WARN_ABOUT_RETURN_TYPE = YES_ERROR;
				GCC_WARN_UNDECLARED_SELECTOR = YES;
				GCC_WARN_UNINITIALIZED_AUTOS = YES_AGGRESSIVE;
				GCC_WARN_UNUSED_FUNCTION = YES;
				GCC_WARN_UNUSED_VARIABLE = YES;
				IPHONEOS_DEPLOYMENT_TARGET = 17.5;
				LOCALIZATION_PREFERS_STRING_CATALOGS = YES;
				MTL_ENABLE_DEBUG_INFO = NO;
				MTL_FAST_MATH = YES;
				SDKROOT = iphoneos;
				SWIFT_COMPILATION_MODE = wholemodule;
				VALIDATE_PRODUCT = YES;
			};
			name = Release;
		};
		160BC7832CA5BD8500FCE873 /* Debug */ = {
			isa = XCBuildConfiguration;
			buildSettings = {
				ASSETCATALOG_COMPILER_APPICON_NAME = AppIcon;
				ASSETCATALOG_COMPILER_GLOBAL_ACCENT_COLOR_NAME = AccentColor;
				CODE_SIGN_STYLE = Automatic;
				CURRENT_PROJECT_VERSION = 1;
				DEVELOPMENT_TEAM = KD22N7R738;
				GENERATE_INFOPLIST_FILE = YES;
				INFOPLIST_FILE = TransportSchedules_Swift/Resources/Info.plist;
				INFOPLIST_KEY_UIApplicationSupportsIndirectInputEvents = YES;
				INFOPLIST_KEY_UILaunchStoryboardName = LaunchScreen;
				INFOPLIST_KEY_UISupportedInterfaceOrientations = UIInterfaceOrientationPortrait;
				INFOPLIST_KEY_UISupportedInterfaceOrientations_iPad = "UIInterfaceOrientationLandscapeLeft UIInterfaceOrientationLandscapeRight UIInterfaceOrientationPortrait UIInterfaceOrientationPortraitUpsideDown";
				LD_RUNPATH_SEARCH_PATHS = (
					"$(inherited)",
					"@executable_path/Frameworks",
				);
				MARKETING_VERSION = 1.0;
				PRODUCT_BUNDLE_IDENTIFIER = "ru.AlexanderPleshakov.TransportSchedules-Swift";
				PRODUCT_NAME = "$(TARGET_NAME)";
				SUPPORTED_PLATFORMS = "iphoneos iphonesimulator";
				SUPPORTS_MACCATALYST = NO;
				SUPPORTS_MAC_DESIGNED_FOR_IPHONE_IPAD = NO;
				SUPPORTS_XR_DESIGNED_FOR_IPHONE_IPAD = NO;
				SWIFT_EMIT_LOC_STRINGS = YES;
				SWIFT_VERSION = 5.0;
				TARGETED_DEVICE_FAMILY = 1;
			};
			name = Debug;
		};
		160BC7842CA5BD8500FCE873 /* Release */ = {
			isa = XCBuildConfiguration;
			buildSettings = {
				ASSETCATALOG_COMPILER_APPICON_NAME = AppIcon;
				ASSETCATALOG_COMPILER_GLOBAL_ACCENT_COLOR_NAME = AccentColor;
				CODE_SIGN_STYLE = Automatic;
				CURRENT_PROJECT_VERSION = 1;
				DEVELOPMENT_TEAM = KD22N7R738;
				GENERATE_INFOPLIST_FILE = YES;
				INFOPLIST_FILE = TransportSchedules_Swift/Resources/Info.plist;
				INFOPLIST_KEY_UIApplicationSupportsIndirectInputEvents = YES;
				INFOPLIST_KEY_UILaunchStoryboardName = LaunchScreen;
				INFOPLIST_KEY_UISupportedInterfaceOrientations = UIInterfaceOrientationPortrait;
				INFOPLIST_KEY_UISupportedInterfaceOrientations_iPad = "UIInterfaceOrientationLandscapeLeft UIInterfaceOrientationLandscapeRight UIInterfaceOrientationPortrait UIInterfaceOrientationPortraitUpsideDown";
				LD_RUNPATH_SEARCH_PATHS = (
					"$(inherited)",
					"@executable_path/Frameworks",
				);
				MARKETING_VERSION = 1.0;
				PRODUCT_BUNDLE_IDENTIFIER = "ru.AlexanderPleshakov.TransportSchedules-Swift";
				PRODUCT_NAME = "$(TARGET_NAME)";
				SUPPORTED_PLATFORMS = "iphoneos iphonesimulator";
				SUPPORTS_MACCATALYST = NO;
				SUPPORTS_MAC_DESIGNED_FOR_IPHONE_IPAD = NO;
				SUPPORTS_XR_DESIGNED_FOR_IPHONE_IPAD = NO;
				SWIFT_EMIT_LOC_STRINGS = YES;
				SWIFT_VERSION = 5.0;
				TARGETED_DEVICE_FAMILY = 1;
			};
			name = Release;
		};
/* End XCBuildConfiguration section */

/* Begin XCConfigurationList section */
		160BC7692CA5BD8300FCE873 /* Build configuration list for PBXProject "TransportSchedules_Swift" */ = {
			isa = XCConfigurationList;
			buildConfigurations = (
				160BC7802CA5BD8400FCE873 /* Debug */,
				160BC7812CA5BD8400FCE873 /* Release */,
			);
			defaultConfigurationIsVisible = 0;
			defaultConfigurationName = Release;
		};
		160BC7822CA5BD8500FCE873 /* Build configuration list for PBXNativeTarget "TransportSchedules_Swift" */ = {
			isa = XCConfigurationList;
			buildConfigurations = (
				160BC7832CA5BD8500FCE873 /* Debug */,
				160BC7842CA5BD8500FCE873 /* Release */,
			);
			defaultConfigurationIsVisible = 0;
			defaultConfigurationName = Release;
		};
/* End XCConfigurationList section */
	};
	rootObject = 160BC7662CA5BD8300FCE873 /* Project object */;
}
